
Microsoft Visual Studio Solution File, Format Version 12.00
# Visual Studio Version 16
VisualStudioVersion = 16.0.30517.126
MinimumVisualStudioVersion = 10.0.40219.1
Project("{FAE04EC0-301F-11D3-BF4B-00C04F79EFBC}") = "CrawlerHomework", "CrawlerHomework\CrawlerHomework.csproj", "{B8016388-DFFD-460B-AED0-563BCBB18FB2}"
EndProject
Project("{FAE04EC0-301F-11D3-BF4B-00C04F79EFBC}") = "CrawlerGui", "CrawlerGui\CrawlerGui.csproj", "{5EBB7233-A4AB-49B6-88EB-BE64A7E68851}"
EndProject
Global
	GlobalSection(SolutionConfigurationPlatforms) = preSolution
		Debug|Any CPU = Debug|Any CPU
		Release|Any CPU = Release|Any CPU
	EndGlobalSection
	GlobalSection(ProjectConfigurationPlatforms) = postSolution
		{B8016388-DFFD-460B-AED0-563BCBB18FB2}.Debug|Any CPU.ActiveCfg = Debug|Any CPU
		{B8016388-DFFD-460B-AED0-563BCBB18FB2}.Debug|Any CPU.Build.0 = Debug|Any CPU
		{B8016388-DFFD-460B-AED0-563BCBB18FB2}.Release|Any CPU.ActiveCfg = Release|Any CPU
		{B8016388-DFFD-460B-AED0-563BCBB18FB2}.Release|Any CPU.Build.0 = Release|Any CPU
		{5EBB7233-A4AB-49B6-88EB-BE64A7E68851}.Debug|Any CPU.ActiveCfg = Debug|Any CPU
		{5EBB7233-A4AB-49B6-88EB-BE64A7E68851}.Debug|Any CPU.Build.0 = Debug|Any CPU
		{5EBB7233-A4AB-49B6-88EB-BE64A7E68851}.Release|Any CPU.ActiveCfg = Release|Any CPU
		{5EBB7233-A4AB-49B6-88EB-BE64A7E68851}.Release|Any CPU.Build.0 = Release|Any CPU
	EndGlobalSection
	GlobalSection(SolutionProperties) = preSolution
		HideSolutionNode = FALSE
	EndGlobalSection
	GlobalSection(ExtensibilityGlobals) = postSolution
		SolutionGuid = {520A1755-70CE-4810-82A7-39C43D8BF7D8}
	EndGlobalSection
EndGlobal
