
Microsoft Visual Studio Solution File, Format Version 12.00
# Visual Studio Version 16
VisualStudioVersion = 16.0.30413.136
MinimumVisualStudioVersion = 10.0.40219.1
Project("{FAE04EC0-301F-11D3-BF4B-00C04F79EFBC}") = "WinFormHomework", "WinFormHomework.csproj", "{1B370FD7-359D-40EC-8BEF-BE2FABEC1FA8}"
EndProject
Global
	GlobalSection(SolutionConfigurationPlatforms) = preSolution
		Debug|Any CPU = Debug|Any CPU
		Release|Any CPU = Release|Any CPU
	EndGlobalSection
	GlobalSection(ProjectConfigurationPlatforms) = postSolution
		{1B370FD7-359D-40EC-8BEF-BE2FABEC1FA8}.Debug|Any CPU.ActiveCfg = Debug|Any CPU
		{1B370FD7-359D-40EC-8BEF-BE2FABEC1FA8}.Debug|Any CPU.Build.0 = Debug|Any CPU
		{1B370FD7-359D-40EC-8BEF-BE2FABEC1FA8}.Release|Any CPU.ActiveCfg = Release|Any CPU
		{1B370FD7-359D-40EC-8BEF-BE2FABEC1FA8}.Release|Any CPU.Build.0 = Release|Any CPU
	EndGlobalSection
	GlobalSection(SolutionProperties) = preSolution
		HideSolutionNode = FALSE
	EndGlobalSection
	GlobalSection(ExtensibilityGlobals) = postSolution
		SolutionGuid = {DEC485F9-051F-4FC0-8295-DD84B3A9EBDB}
	EndGlobalSection
EndGlobal
