
Microsoft Visual Studio Solution File, Format Version 12.00
# Visual Studio Version 16
VisualStudioVersion = 16.0.30517.126
MinimumVisualStudioVersion = 10.0.40219.1
Project("{FAE04EC0-301F-11D3-BF4B-00C04F79EFBC}") = "OrderSystem", "OrderSystem\OrderSystem.csproj", "{D3395801-F029-4B38-9F46-27D216EBD2C2}"
EndProject
Project("{FAE04EC0-301F-11D3-BF4B-00C04F79EFBC}") = "OrderSystemTests", "OrderSystemTests\OrderSystemTests.csproj", "{E2FFACE9-FB6B-4FED-A5CB-93CFDF072867}"
EndProject
Project("{FAE04EC0-301F-11D3-BF4B-00C04F79EFBC}") = "OrderGui", "OrderGui\OrderGui.csproj", "{EB432DA9-7C20-4B1C-BCB0-656E944C1084}"
	ProjectSection(ProjectDependencies) = postProject
		{D3395801-F029-4B38-9F46-27D216EBD2C2} = {D3395801-F029-4B38-9F46-27D216EBD2C2}
	EndProjectSection
EndProject
Global
	GlobalSection(SolutionConfigurationPlatforms) = preSolution
		Debug|Any CPU = Debug|Any CPU
		Release|Any CPU = Release|Any CPU
	EndGlobalSection
	GlobalSection(ProjectConfigurationPlatforms) = postSolution
		{D3395801-F029-4B38-9F46-27D216EBD2C2}.Debug|Any CPU.ActiveCfg = Debug|Any CPU
		{D3395801-F029-4B38-9F46-27D216EBD2C2}.Debug|Any CPU.Build.0 = Debug|Any CPU
		{D3395801-F029-4B38-9F46-27D216EBD2C2}.Release|Any CPU.ActiveCfg = Release|Any CPU
		{D3395801-F029-4B38-9F46-27D216EBD2C2}.Release|Any CPU.Build.0 = Release|Any CPU
		{E2FFACE9-FB6B-4FED-A5CB-93CFDF072867}.Debug|Any CPU.ActiveCfg = Debug|Any CPU
		{E2FFACE9-FB6B-4FED-A5CB-93CFDF072867}.Debug|Any CPU.Build.0 = Debug|Any CPU
		{E2FFACE9-FB6B-4FED-A5CB-93CFDF072867}.Release|Any CPU.ActiveCfg = Release|Any CPU
		{E2FFACE9-FB6B-4FED-A5CB-93CFDF072867}.Release|Any CPU.Build.0 = Release|Any CPU
		{EB432DA9-7C20-4B1C-BCB0-656E944C1084}.Debug|Any CPU.ActiveCfg = Debug|Any CPU
		{EB432DA9-7C20-4B1C-BCB0-656E944C1084}.Debug|Any CPU.Build.0 = Debug|Any CPU
		{EB432DA9-7C20-4B1C-BCB0-656E944C1084}.Release|Any CPU.ActiveCfg = Release|Any CPU
		{EB432DA9-7C20-4B1C-BCB0-656E944C1084}.Release|Any CPU.Build.0 = Release|Any CPU
	EndGlobalSection
	GlobalSection(SolutionProperties) = preSolution
		HideSolutionNode = FALSE
	EndGlobalSection
	GlobalSection(ExtensibilityGlobals) = postSolution
		SolutionGuid = {5299FF89-F152-4443-A84F-23B4485A4F4D}
	EndGlobalSection
EndGlobal
